
Microsoft Visual Studio Solution File, Format Version 12.00
# Visual Studio Version 16
VisualStudioVersion = 16.0.33423.256
MinimumVisualStudioVersion = 10.0.40219.1
Project("{FAE04EC0-301F-11D3-BF4B-00C04F79EFBC}") = "Service", "Service\Service.csproj", "{5F330BDE-6149-4494-8A4C-221B25D1F666}"
EndProject
Project("{FAE04EC0-301F-11D3-BF4B-00C04F79EFBC}") = "Client", "Client\Client.csproj", "{866E754F-FF1F-43D3-8A1E-D13BAAD20024}"
EndProject
Project("{FAE04EC0-301F-11D3-BF4B-00C04F79EFBC}") = "Common", "Common\Common.csproj", "{87428FF3-7E92-4AC5-B615-66BCF1559B38}"
EndProject
Global
	GlobalSection(SolutionConfigurationPlatforms) = preSolution
		Debug|Any CPU = Debug|Any CPU
		Release|Any CPU = Release|Any CPU
	EndGlobalSection
	GlobalSection(ProjectConfigurationPlatforms) = postSolution
		{5F330BDE-6149-4494-8A4C-221B25D1F666}.Debug|Any CPU.ActiveCfg = Debug|Any CPU
		{5F330BDE-6149-4494-8A4C-221B25D1F666}.Debug|Any CPU.Build.0 = Debug|Any CPU
		{5F330BDE-6149-4494-8A4C-221B25D1F666}.Release|Any CPU.ActiveCfg = Release|Any CPU
		{5F330BDE-6149-4494-8A4C-221B25D1F666}.Release|Any CPU.Build.0 = Release|Any CPU
		{866E754F-FF1F-43D3-8A1E-D13BAAD20024}.Debug|Any CPU.ActiveCfg = Debug|Any CPU
		{866E754F-FF1F-43D3-8A1E-D13BAAD20024}.Debug|Any CPU.Build.0 = Debug|Any CPU
		{866E754F-FF1F-43D3-8A1E-D13BAAD20024}.Release|Any CPU.ActiveCfg = Release|Any CPU
		{866E754F-FF1F-43D3-8A1E-D13BAAD20024}.Release|Any CPU.Build.0 = Release|Any CPU
		{87428FF3-7E92-4AC5-B615-66BCF1559B38}.Debug|Any CPU.ActiveCfg = Debug|Any CPU
		{87428FF3-7E92-4AC5-B615-66BCF1559B38}.Debug|Any CPU.Build.0 = Debug|Any CPU
		{87428FF3-7E92-4AC5-B615-66BCF1559B38}.Release|Any CPU.ActiveCfg = Release|Any CPU
		{87428FF3-7E92-4AC5-B615-66BCF1559B38}.Release|Any CPU.Build.0 = Release|Any CPU
	EndGlobalSection
	GlobalSection(SolutionProperties) = preSolution
		HideSolutionNode = FALSE
	EndGlobalSection
	GlobalSection(ExtensibilityGlobals) = postSolution
		SolutionGuid = {EEE3CF97-38EF-4E8C-9A3E-663C3FAFB60B}
	EndGlobalSection
EndGlobal
